
Microsoft Visual Studio Solution File, Format Version 12.00
# Visual Studio 2013
VisualStudioVersion = 12.0.21005.1
MinimumVisualStudioVersion = 10.0.40219.1
Project("{FAE04EC0-301F-11D3-BF4B-00C04F79EFBC}") = "ClientServer", "ClientServer\ClientServer.csproj", "{16EF5513-5E0C-4E73-8072-AC845817DBC8}"
EndProject
Project("{2150E333-8FDC-42A3-9474-1A3956D46DE8}") = "1. Client Server", "1. Client Server", "{7CC3CE2D-3E43-4E03-ACD2-6E0E83C310BF}"
EndProject
Project("{FAE04EC0-301F-11D3-BF4B-00C04F79EFBC}") = "PubSub", "PubSub\PubSub.csproj", "{072D2504-6B4E-433A-83EC-7DCF89ECFA30}"
EndProject
Project("{2150E333-8FDC-42A3-9474-1A3956D46DE8}") = "2. Pub Sub", "2. Pub Sub", "{D0FAEDDD-0BEE-4338-A387-29D1F84BA81A}"
EndProject
Global
	GlobalSection(SolutionConfigurationPlatforms) = preSolution
		Debug|Any CPU = Debug|Any CPU
		Release|Any CPU = Release|Any CPU
	EndGlobalSection
	GlobalSection(ProjectConfigurationPlatforms) = postSolution
		{16EF5513-5E0C-4E73-8072-AC845817DBC8}.Debug|Any CPU.ActiveCfg = Debug|Any CPU
		{16EF5513-5E0C-4E73-8072-AC845817DBC8}.Debug|Any CPU.Build.0 = Debug|Any CPU
		{16EF5513-5E0C-4E73-8072-AC845817DBC8}.Release|Any CPU.ActiveCfg = Release|Any CPU
		{16EF5513-5E0C-4E73-8072-AC845817DBC8}.Release|Any CPU.Build.0 = Release|Any CPU
		{072D2504-6B4E-433A-83EC-7DCF89ECFA30}.Debug|Any CPU.ActiveCfg = Debug|Any CPU
		{072D2504-6B4E-433A-83EC-7DCF89ECFA30}.Debug|Any CPU.Build.0 = Debug|Any CPU
		{072D2504-6B4E-433A-83EC-7DCF89ECFA30}.Release|Any CPU.ActiveCfg = Release|Any CPU
		{072D2504-6B4E-433A-83EC-7DCF89ECFA30}.Release|Any CPU.Build.0 = Release|Any CPU
	EndGlobalSection
	GlobalSection(SolutionProperties) = preSolution
		HideSolutionNode = FALSE
	EndGlobalSection
	GlobalSection(NestedProjects) = preSolution
		{16EF5513-5E0C-4E73-8072-AC845817DBC8} = {7CC3CE2D-3E43-4E03-ACD2-6E0E83C310BF}
		{072D2504-6B4E-433A-83EC-7DCF89ECFA30} = {D0FAEDDD-0BEE-4338-A387-29D1F84BA81A}
	EndGlobalSection
EndGlobal
